
Microsoft Visual Studio Solution File, Format Version 12.00
# Visual Studio Version 17
VisualStudioVersion = 17.3.32922.545
MinimumVisualStudioVersion = 10.0.40219.1
Project("{9A19103F-16F7-4668-BE54-9A1E7A4F7556}") = "Shopping.Client", "Shopping.Client\Shopping.Client.csproj", "{9CE57A4C-3F71-4B3E-BBED-4BC8DF3E5339}"
EndProject
Project("{9A19103F-16F7-4668-BE54-9A1E7A4F7556}") = "Shopping.API", "Shopping.API\Shopping.API.csproj", "{B3E1E23F-DD69-4B54-A219-286B96F30BDF}"
EndProject
Project("{E53339B2-1760-4266-BCC7-CA923CBCF16C}") = "docker-compose", "docker-compose.dcproj", "{9FF2CA71-A69D-48FB-AFCC-595B3EF75219}"
EndProject
Global
	GlobalSection(SolutionConfigurationPlatforms) = preSolution
		Debug|Any CPU = Debug|Any CPU
		Release|Any CPU = Release|Any CPU
	EndGlobalSection
	GlobalSection(ProjectConfigurationPlatforms) = postSolution
		{9CE57A4C-3F71-4B3E-BBED-4BC8DF3E5339}.Debug|Any CPU.ActiveCfg = Debug|Any CPU
		{9CE57A4C-3F71-4B3E-BBED-4BC8DF3E5339}.Debug|Any CPU.Build.0 = Debug|Any CPU
		{9CE57A4C-3F71-4B3E-BBED-4BC8DF3E5339}.Release|Any CPU.ActiveCfg = Release|Any CPU
		{9CE57A4C-3F71-4B3E-BBED-4BC8DF3E5339}.Release|Any CPU.Build.0 = Release|Any CPU
		{B3E1E23F-DD69-4B54-A219-286B96F30BDF}.Debug|Any CPU.ActiveCfg = Debug|Any CPU
		{B3E1E23F-DD69-4B54-A219-286B96F30BDF}.Debug|Any CPU.Build.0 = Debug|Any CPU
		{B3E1E23F-DD69-4B54-A219-286B96F30BDF}.Release|Any CPU.ActiveCfg = Release|Any CPU
		{B3E1E23F-DD69-4B54-A219-286B96F30BDF}.Release|Any CPU.Build.0 = Release|Any CPU
		{9FF2CA71-A69D-48FB-AFCC-595B3EF75219}.Debug|Any CPU.ActiveCfg = Debug|Any CPU
		{9FF2CA71-A69D-48FB-AFCC-595B3EF75219}.Debug|Any CPU.Build.0 = Debug|Any CPU
		{9FF2CA71-A69D-48FB-AFCC-595B3EF75219}.Release|Any CPU.ActiveCfg = Release|Any CPU
		{9FF2CA71-A69D-48FB-AFCC-595B3EF75219}.Release|Any CPU.Build.0 = Release|Any CPU
	EndGlobalSection
	GlobalSection(SolutionProperties) = preSolution
		HideSolutionNode = FALSE
	EndGlobalSection
	GlobalSection(ExtensibilityGlobals) = postSolution
		SolutionGuid = {0E109518-1799-4079-8CF2-D9084D4409D1}
	EndGlobalSection
EndGlobal
